
Microsoft Visual Studio Solution File, Format Version 12.00
# Visual Studio Version 16
VisualStudioVersion = 16.0.31515.178
MinimumVisualStudioVersion = 10.0.40219.1
Project("{FAE04EC0-301F-11D3-BF4B-00C04F79EFBC}") = "Json", "Json\Json.csproj", "{369D37F3-08AC-4641-BE30-8C80170E2C24}"
EndProject
Global
	GlobalSection(SolutionConfigurationPlatforms) = preSolution
		Debug|Any CPU = Debug|Any CPU
		Release|Any CPU = Release|Any CPU
	EndGlobalSection
	GlobalSection(ProjectConfigurationPlatforms) = postSolution
		{369D37F3-08AC-4641-BE30-8C80170E2C24}.Debug|Any CPU.ActiveCfg = Debug|Any CPU
		{369D37F3-08AC-4641-BE30-8C80170E2C24}.Debug|Any CPU.Build.0 = Debug|Any CPU
		{369D37F3-08AC-4641-BE30-8C80170E2C24}.Release|Any CPU.ActiveCfg = Release|Any CPU
		{369D37F3-08AC-4641-BE30-8C80170E2C24}.Release|Any CPU.Build.0 = Release|Any CPU
	EndGlobalSection
	GlobalSection(SolutionProperties) = preSolution
		HideSolutionNode = FALSE
	EndGlobalSection
	GlobalSection(ExtensibilityGlobals) = postSolution
		SolutionGuid = {45431875-3263-461B-A1E1-C2CC553964F7}
	EndGlobalSection
EndGlobal
